
Microsoft Visual Studio Solution File, Format Version 12.00
# Visual Studio Version 18
VisualStudioVersion = 18.7.11925.98
MinimumVisualStudioVersion = 10.0.40219.1
Project("{2150E333-8FDC-42A3-9474-1A3956D46DE8}") = "Solution Items", "Solution Items", "{12F13AB0-6D24-4EA1-A418-ADC72A210B2E}"
	ProjectSection(SolutionItems) = preProject
		.gitignore = .gitignore
		.github\workflows\dotnet.yml = .github\workflows\dotnet.yml
		projscan.json = projscan.json
		README.md = README.md
		SigningKey.snk = SigningKey.snk
		version.json = version.json
	EndProjectSection
EndProject
Project("{FAE04EC0-301F-11D3-BF4B-00C04F79EFBC}") = "MetaFac.Standard.RFC4648", "MetaFac.Standard.RFC4648\MetaFac.Standard.RFC4648.csproj", "{1D7DA1D6-A11C-49E7-925B-8F24023345CA}"
EndProject
Project("{FAE04EC0-301F-11D3-BF4B-00C04F79EFBC}") = "MetaFac.Standard.RFC4648.Tests", "MetaFac.Standard.RFC4648.Tests\MetaFac.Standard.RFC4648.Tests.csproj", "{0636ED2D-1324-41A0-924A-FB63F0227A99}"
EndProject
Project("{FAE04EC0-301F-11D3-BF4B-00C04F79EFBC}") = "MetaFac.Standard.RFC4648.Benchmarks", "MetaFac.Standard.RFC4648.Benchmarks\MetaFac.Standard.RFC4648.Benchmarks.csproj", "{B32D2EF1-FDF2-47B5-8D5C-E7EA7EA634C6}"
EndProject
Global
	GlobalSection(SolutionConfigurationPlatforms) = preSolution
		Debug|Any CPU = Debug|Any CPU
		Release|Any CPU = Release|Any CPU
	EndGlobalSection
	GlobalSection(ProjectConfigurationPlatforms) = postSolution
		{1D7DA1D6-A11C-49E7-925B-8F24023345CA}.Debug|Any CPU.ActiveCfg = Debug|Any CPU
		{1D7DA1D6-A11C-49E7-925B-8F24023345CA}.Debug|Any CPU.Build.0 = Debug|Any CPU
		{1D7DA1D6-A11C-49E7-925B-8F24023345CA}.Release|Any CPU.ActiveCfg = Release|Any CPU
		{1D7DA1D6-A11C-49E7-925B-8F24023345CA}.Release|Any CPU.Build.0 = Release|Any CPU
		{0636ED2D-1324-41A0-924A-FB63F0227A99}.Debug|Any CPU.ActiveCfg = Debug|Any CPU
		{0636ED2D-1324-41A0-924A-FB63F0227A99}.Debug|Any CPU.Build.0 = Debug|Any CPU
		{0636ED2D-1324-41A0-924A-FB63F0227A99}.Release|Any CPU.ActiveCfg = Release|Any CPU
		{0636ED2D-1324-41A0-924A-FB63F0227A99}.Release|Any CPU.Build.0 = Release|Any CPU
		{B32D2EF1-FDF2-47B5-8D5C-E7EA7EA634C6}.Debug|Any CPU.ActiveCfg = Debug|Any CPU
		{B32D2EF1-FDF2-47B5-8D5C-E7EA7EA634C6}.Debug|Any CPU.Build.0 = Debug|Any CPU
		{B32D2EF1-FDF2-47B5-8D5C-E7EA7EA634C6}.Release|Any CPU.ActiveCfg = Release|Any CPU
		{B32D2EF1-FDF2-47B5-8D5C-E7EA7EA634C6}.Release|Any CPU.Build.0 = Release|Any CPU
	EndGlobalSection
	GlobalSection(SolutionProperties) = preSolution
		HideSolutionNode = FALSE
	EndGlobalSection
	GlobalSection(ExtensibilityGlobals) = postSolution
		SolutionGuid = {4BAC483C-5E3E-4A0B-B1BE-5ACAC7854D67}
	EndGlobalSection
EndGlobal
